
Microsoft Visual Studio Solution File, Format Version 12.00
# Visual Studio Version 16
VisualStudioVersion = 16.0.31112.23
MinimumVisualStudioVersion = 10.0.40219.1
Project("{FAE04EC0-301F-11D3-BF4B-00C04F79EFBC}") = "MinistryPlanner.WebMVC", "MinistryPlanner.WebMVC\MinistryPlanner.WebMVC.csproj", "{7793B218-F0C0-4B8D-8D05-F013C80A9E50}"
EndProject
Project("{FAE04EC0-301F-11D3-BF4B-00C04F79EFBC}") = "MinistryPlanner.Data", "MinistryPlanner.Data\MinistryPlanner.Data.csproj", "{1D539B77-34CE-458C-BC72-63BDEFE34786}"
EndProject
Project("{FAE04EC0-301F-11D3-BF4B-00C04F79EFBC}") = "MinistryPlanner.Models", "MinistryPlanner.Models\MinistryPlanner.Models.csproj", "{AA737675-16F1-438C-B4FE-9A5EA9FFAEB0}"
EndProject
Project("{FAE04EC0-301F-11D3-BF4B-00C04F79EFBC}") = "MinistryPlanner.Services", "MinistryPlanner.Services\MinistryPlanner.Services.csproj", "{A6D85370-9C46-4CC3-B026-FC7BA282944F}"
EndProject
Project("{FAE04EC0-301F-11D3-BF4B-00C04F79EFBC}") = "MinistryPlanner.Contracts", "MinistryPlanner.Contracts\MinistryPlanner.Contracts.csproj", "{AA01AAD1-AE3E-4F63-8DCA-4FD543A48406}"
EndProject
Project("{FAE04EC0-301F-11D3-BF4B-00C04F79EFBC}") = "MinistryPlanner.Tests", "MinistryPlanner.Tests\MinistryPlanner.Tests.csproj", "{40A88263-4459-4B5A-BAE3-726E461986AA}"
EndProject
Global
	GlobalSection(SolutionConfigurationPlatforms) = preSolution
		Debug|Any CPU = Debug|Any CPU
		Release|Any CPU = Release|Any CPU
	EndGlobalSection
	GlobalSection(ProjectConfigurationPlatforms) = postSolution
		{7793B218-F0C0-4B8D-8D05-F013C80A9E50}.Debug|Any CPU.ActiveCfg = Debug|Any CPU
		{7793B218-F0C0-4B8D-8D05-F013C80A9E50}.Debug|Any CPU.Build.0 = Debug|Any CPU
		{7793B218-F0C0-4B8D-8D05-F013C80A9E50}.Release|Any CPU.ActiveCfg = Release|Any CPU
		{7793B218-F0C0-4B8D-8D05-F013C80A9E50}.Release|Any CPU.Build.0 = Release|Any CPU
		{1D539B77-34CE-458C-BC72-63BDEFE34786}.Debug|Any CPU.ActiveCfg = Debug|Any CPU
		{1D539B77-34CE-458C-BC72-63BDEFE34786}.Debug|Any CPU.Build.0 = Debug|Any CPU
		{1D539B77-34CE-458C-BC72-63BDEFE34786}.Release|Any CPU.ActiveCfg = Release|Any CPU
		{1D539B77-34CE-458C-BC72-63BDEFE34786}.Release|Any CPU.Build.0 = Release|Any CPU
		{AA737675-16F1-438C-B4FE-9A5EA9FFAEB0}.Debug|Any CPU.ActiveCfg = Debug|Any CPU
		{AA737675-16F1-438C-B4FE-9A5EA9FFAEB0}.Debug|Any CPU.Build.0 = Debug|Any CPU
		{AA737675-16F1-438C-B4FE-9A5EA9FFAEB0}.Release|Any CPU.ActiveCfg = Release|Any CPU
		{AA737675-16F1-438C-B4FE-9A5EA9FFAEB0}.Release|Any CPU.Build.0 = Release|Any CPU
		{A6D85370-9C46-4CC3-B026-FC7BA282944F}.Debug|Any CPU.ActiveCfg = Debug|Any CPU
		{A6D85370-9C46-4CC3-B026-FC7BA282944F}.Debug|Any CPU.Build.0 = Debug|Any CPU
		{A6D85370-9C46-4CC3-B026-FC7BA282944F}.Release|Any CPU.ActiveCfg = Release|Any CPU
		{A6D85370-9C46-4CC3-B026-FC7BA282944F}.Release|Any CPU.Build.0 = Release|Any CPU
		{AA01AAD1-AE3E-4F63-8DCA-4FD543A48406}.Debug|Any CPU.ActiveCfg = Debug|Any CPU
		{AA01AAD1-AE3E-4F63-8DCA-4FD543A48406}.Debug|Any CPU.Build.0 = Debug|Any CPU
		{AA01AAD1-AE3E-4F63-8DCA-4FD543A48406}.Release|Any CPU.ActiveCfg = Release|Any CPU
		{AA01AAD1-AE3E-4F63-8DCA-4FD543A48406}.Release|Any CPU.Build.0 = Release|Any CPU
		{40A88263-4459-4B5A-BAE3-726E461986AA}.Debug|Any CPU.ActiveCfg = Debug|Any CPU
		{40A88263-4459-4B5A-BAE3-726E461986AA}.Debug|Any CPU.Build.0 = Debug|Any CPU
		{40A88263-4459-4B5A-BAE3-726E461986AA}.Release|Any CPU.ActiveCfg = Release|Any CPU
		{40A88263-4459-4B5A-BAE3-726E461986AA}.Release|Any CPU.Build.0 = Release|Any CPU
	EndGlobalSection
	GlobalSection(SolutionProperties) = preSolution
		HideSolutionNode = FALSE
	EndGlobalSection
	GlobalSection(ExtensibilityGlobals) = postSolution
		SolutionGuid = {1F496B7B-B265-4A02-9ABA-A7D55021C7CF}
	EndGlobalSection
EndGlobal
